schema: '2.0'
stages:
  convert-md:
    cmd: uv run preprocess convert-rules-to-md mtg_rules_20260227.txt 
      mtg_rules_20260227.md
    deps:
    - path: mtg_rules_20260227.txt
      hash: md5
      md5: 50957244aca3c04ab6d0a5898ce518d7
      size: 965621
    outs:
    - path: mtg_rules_20260227.md
      hash: md5
      md5: e09a87faa7ad98751e9d54c06d315627
      size: 842658
  chunk-md:
    cmd: uv run preprocess chunk-rules mtg_rules_20260227.md 
      mtg_rules_20260227_chunks.json
    deps:
    - path: mtg_rules_20260227.md
      hash: md5
      md5: e09a87faa7ad98751e9d54c06d315627
      size: 842658
    outs:
    - path: mtg_rules_20260227_chunks.json
      hash: md5
      md5: a9a6c6b348551ea619c138f4602f0f2c
      size: 1307134
  generate-sythetic-questions:
    cmd: uv run preprocess generate-synthetic-rule-questions 
      mtg_rules_20260227_chunks.json mtg_rules_20260227_chunks_questions.json
    deps:
    - path: mtg_rules_20260227_chunks.json
      hash: md5
      md5: a9a6c6b348551ea619c138f4602f0f2c
      size: 1307134
    outs:
    - path: mtg_rules_20260227_chunks_questions.json
      hash: md5
      md5: 242c3b7d71c01e4763446c81ccf3cdb3
      size: 2008395
  train-test-split@chunk:
    cmd: "uv run preprocess build-rule-retrieval-ds  --granularity chunk --test-ratio
      0.2 --seed 42  mtg_rules_20260227_chunks_questions.json . mtg_rules_20260227\n"
    deps:
    - path: mtg_rules_20260227_chunks_questions.json
      hash: md5
      md5: 242c3b7d71c01e4763446c81ccf3cdb3
      size: 2008395
    params:
      params.yaml:
        build_rule_retrieval_ds.seed: 42
        build_rule_retrieval_ds.test_ratio: 0.2
    outs:
    - path: mtg_rules_20260227_chunk_test.csv
      hash: md5
      md5: 238d11c479d9e53141df846b1aa2eb5f
      size: 1039059
    - path: mtg_rules_20260227_chunk_train.csv
      hash: md5
      md5: 623ad4f895e8efa8f175d8c49283ca87
      size: 4139976
  train-test-split@question:
    cmd: "uv run preprocess build-rule-retrieval-ds  --granularity question --test-ratio
      0.2 --seed 42  mtg_rules_20260227_chunks_questions.json . mtg_rules_20260227\n"
    deps:
    - path: mtg_rules_20260227_chunks_questions.json
      hash: md5
      md5: 242c3b7d71c01e4763446c81ccf3cdb3
      size: 2008395
    params:
      params.yaml:
        build_rule_retrieval_ds.seed: 42
        build_rule_retrieval_ds.test_ratio: 0.2
    outs:
    - path: mtg_rules_20260227_question_test.csv
      hash: md5
      md5: 079c4df6fd451aea722757d0e01f5cb8
      size: 1031962
    - path: mtg_rules_20260227_question_train.csv
      hash: md5
      md5: 1968e0eff6b9d53387b6fcf22317649d
      size: 4147073
  precompute-embeddings@model0-chunk:
    cmd: uv run preprocess generate-vectors -m Qwen/Qwen3-Embedding-0.6B 
      mtg_rules_20260227_chunk_test.csv
    deps:
    - path: mtg_rules_20260227_chunk_test.csv
      hash: md5
      md5: 238d11c479d9e53141df846b1aa2eb5f
      size: 1039059
    outs:
    - path: mtg_rules_20260227_chunk_test_qwen3_emb_600m.npz
      hash: md5
      md5: fc3af96f1d5fadda3eeffa9915299731
      size: 4710674
  precompute-embeddings@model0-question:
    cmd: uv run preprocess generate-vectors -m Qwen/Qwen3-Embedding-0.6B 
      mtg_rules_20260227_question_test.csv
    deps:
    - path: mtg_rules_20260227_question_test.csv
      hash: md5
      md5: 079c4df6fd451aea722757d0e01f5cb8
      size: 1031962
    outs:
    - path: mtg_rules_20260227_question_test_qwen3_emb_600m.npz
      hash: md5
      md5: 6c3765a906e3d58a1c12c277f1d63036
      size: 4714770
